{
  "version": 4,
  "terraform_version": "0.13.4",
  "serial": 44,
  "lineage": "9a51992a-88da-1188-e4ba-aa66d1178991",
  "outputs": {
    "vm_name": {
      "value": "myVM",
      "type": "string"
    }
  },
  "resources": [
    {
      "mode": "managed",
      "type": "azurerm_virtual_machine_extension",
      "name": "example",
      "provider": "provider[\"registry.terraform.io/hashicorp/azurerm\"]",
      "instances": [
        {
          "schema_version": 0,
          "attributes": {
            "auto_upgrade_minor_version": false,
            "id": "/subscriptions/daad7902-18d9-4c20-8792-507922873a9a/resourceGroups/myResourceGroup/providers/Microsoft.Compute/virtualMachines/myVM/extensions/var.extension_name",
            "name": "var.extension_name",
            "protected_settings": null,
            "publisher": "Microsoft.Azure.Extensions",
            "settings": "{\"commandToExecute\":\"sh install_nginx.sh\",\"fileUris\":[\"https://testzuowen.blob.core.windows.net/nginx/install_nginx.sh\"]}",
            "tags": {
              "environment": "Production"
            },
            "timeouts": null,
            "type": "CustomScript",
            "type_handler_version": "2.0",
            "virtual_machine_id": "/subscriptions/daad7902-18d9-4c20-8792-507922873a9a/resourceGroups/myResourceGroup/providers/Microsoft.Compute/virtualMachines/myVM"
          },
          "private": "eyJlMmJmYjczMC1lY2FhLTExZTYtOGY4OC0zNDM2M2JjN2M0YzAiOnsiY3JlYXRlIjoxODAwMDAwMDAwMDAwLCJkZWxldGUiOjE4MDAwMDAwMDAwMDAsInJlYWQiOjMwMDAwMDAwMDAwMCwidXBkYXRlIjoxODAwMDAwMDAwMDAwfX0=",
          "dependencies": [
            "module.example.azurerm_network_interface.myterraformnic",
            "module.example.azurerm_public_ip.myterraformpublicip",
            "module.example.azurerm_resource_group.myterraformgroup",
            "module.example.azurerm_storage_account.mystorageaccount",
            "module.example.azurerm_storage_container.example",
            "module.example.azurerm_subnet.myterraformsubnet",
            "module.example.azurerm_virtual_machine.example",
            "module.example.azurerm_virtual_network.myterraformnetwork",
            "module.example.random_id.randomId"
          ]
        }
      ]
    },
    {
      "module": "module.example",
      "mode": "managed",
      "type": "azurerm_network_interface",
      "name": "myterraformnic",
      "provider": "module.example.provider[\"registry.terraform.io/hashicorp/azurerm\"]",
      "instances": [
        {
          "schema_version": 0,
          "attributes": {
            "applied_dns_servers": [],
            "dns_servers": [],
            "enable_accelerated_networking": false,
            "enable_ip_forwarding": false,
            "id": "/subscriptions/daad7902-18d9-4c20-8792-507922873a9a/resourceGroups/myResourceGroup/providers/Microsoft.Network/networkInterfaces/myNIC",
            "internal_dns_name_label": "",
            "internal_domain_name_suffix": "pj4oqlchu0iepa4plgqyluaceb.bx.internal.cloudapp.net",
            "ip_configuration": [
              {
                "name": "myNicConfiguration",
                "primary": true,
                "private_ip_address": "10.0.1.4",
                "private_ip_address_allocation": "Dynamic",
                "private_ip_address_version": "IPv4",
                "public_ip_address_id": "/subscriptions/daad7902-18d9-4c20-8792-507922873a9a/resourceGroups/myResourceGroup/providers/Microsoft.Network/publicIPAddresses/myPublicIP",
                "subnet_id": "/subscriptions/daad7902-18d9-4c20-8792-507922873a9a/resourceGroups/myResourceGroup/providers/Microsoft.Network/virtualNetworks/myVnet/subnets/mySubnet"
              }
            ],
            "location": "eastus",
            "mac_address": "",
            "name": "myNIC",
            "private_ip_address": "10.0.1.4",
            "private_ip_addresses": [
              "10.0.1.4"
            ],
            "resource_group_name": "myResourceGroup",
            "tags": {
              "environment": "Terraform Demo"
            },
            "timeouts": null,
            "virtual_machine_id": ""
          },
          "private": "eyJlMmJmYjczMC1lY2FhLTExZTYtOGY4OC0zNDM2M2JjN2M0YzAiOnsiY3JlYXRlIjoxODAwMDAwMDAwMDAwLCJkZWxldGUiOjE4MDAwMDAwMDAwMDAsInJlYWQiOjMwMDAwMDAwMDAwMCwidXBkYXRlIjoxODAwMDAwMDAwMDAwfX0=",
          "dependencies": [
            "module.example.azurerm_public_ip.myterraformpublicip",
            "module.example.azurerm_resource_group.myterraformgroup",
            "module.example.azurerm_subnet.myterraformsubnet",
            "module.example.azurerm_virtual_network.myterraformnetwork"
          ]
        }
      ]
    },
    {
      "module": "module.example",
      "mode": "managed",
      "type": "azurerm_network_interface_security_group_association",
      "name": "example",
      "provider": "module.example.provider[\"registry.terraform.io/hashicorp/azurerm\"]",
      "instances": [
        {
          "schema_version": 0,
          "attributes": {
            "id": "/subscriptions/daad7902-18d9-4c20-8792-507922873a9a/resourceGroups/myResourceGroup/providers/Microsoft.Network/networkInterfaces/myNIC|/subscriptions/daad7902-18d9-4c20-8792-507922873a9a/resourceGroups/myResourceGroup/providers/Microsoft.Network/networkSecurityGroups/myNetworkSecurityGroup",
            "network_interface_id": "/subscriptions/daad7902-18d9-4c20-8792-507922873a9a/resourceGroups/myResourceGroup/providers/Microsoft.Network/networkInterfaces/myNIC",
            "network_security_group_id": "/subscriptions/daad7902-18d9-4c20-8792-507922873a9a/resourceGroups/myResourceGroup/providers/Microsoft.Network/networkSecurityGroups/myNetworkSecurityGroup",
            "timeouts": null
          },
          "private": "eyJlMmJmYjczMC1lY2FhLTExZTYtOGY4OC0zNDM2M2JjN2M0YzAiOnsiY3JlYXRlIjoxODAwMDAwMDAwMDAwLCJkZWxldGUiOjE4MDAwMDAwMDAwMDAsInJlYWQiOjMwMDAwMDAwMDAwMCwidXBkYXRlIjoxODAwMDAwMDAwMDAwfX0=",
          "dependencies": [
            "module.example.azurerm_network_interface.myterraformnic",
            "module.example.azurerm_network_security_group.myterraformnsg",
            "module.example.azurerm_public_ip.myterraformpublicip",
            "module.example.azurerm_resource_group.myterraformgroup",
            "module.example.azurerm_subnet.myterraformsubnet",
            "module.example.azurerm_virtual_network.myterraformnetwork"
          ]
        }
      ]
    },
    {
      "module": "module.example",
      "mode": "managed",
      "type": "azurerm_network_security_group",
      "name": "myterraformnsg",
      "provider": "module.example.provider[\"registry.terraform.io/hashicorp/azurerm\"]",
      "instances": [
        {
          "schema_version": 0,
          "attributes": {
            "id": "/subscriptions/daad7902-18d9-4c20-8792-507922873a9a/resourceGroups/myResourceGroup/providers/Microsoft.Network/networkSecurityGroups/myNetworkSecurityGroup",
            "location": "eastus",
            "name": "myNetworkSecurityGroup",
            "resource_group_name": "myResourceGroup",
            "security_rule": [
              {
                "access": "Allow",
                "description": "",
                "destination_address_prefix": "*",
                "destination_address_prefixes": [],
                "destination_application_security_group_ids": [],
                "destination_port_range": "",
                "destination_port_ranges": [
                  "22",
                  "80"
                ],
                "direction": "Inbound",
                "name": "SSH",
                "priority": 1001,
                "protocol": "Tcp",
                "source_address_prefix": "*",
                "source_address_prefixes": [],
                "source_application_security_group_ids": [],
                "source_port_range": "*",
                "source_port_ranges": []
              }
            ],
            "tags": {
              "environment": "Terraform Demo"
            },
            "timeouts": null
          },
          "private": "eyJlMmJmYjczMC1lY2FhLTExZTYtOGY4OC0zNDM2M2JjN2M0YzAiOnsiY3JlYXRlIjoxODAwMDAwMDAwMDAwLCJkZWxldGUiOjE4MDAwMDAwMDAwMDAsInJlYWQiOjMwMDAwMDAwMDAwMCwidXBkYXRlIjoxODAwMDAwMDAwMDAwfX0=",
          "dependencies": [
            "module.example.azurerm_resource_group.myterraformgroup"
          ]
        }
      ]
    },
    {
      "module": "module.example",
      "mode": "managed",
      "type": "azurerm_public_ip",
      "name": "myterraformpublicip",
      "provider": "module.example.provider[\"registry.terraform.io/hashicorp/azurerm\"]",
      "instances": [
        {
          "schema_version": 0,
          "attributes": {
            "allocation_method": "Dynamic",
            "domain_name_label": null,
            "fqdn": null,
            "id": "/subscriptions/daad7902-18d9-4c20-8792-507922873a9a/resourceGroups/myResourceGroup/providers/Microsoft.Network/publicIPAddresses/myPublicIP",
            "idle_timeout_in_minutes": 4,
            "ip_address": "",
            "ip_version": "IPv4",
            "location": "eastus",
            "name": "myPublicIP",
            "public_ip_prefix_id": null,
            "resource_group_name": "myResourceGroup",
            "reverse_fqdn": null,
            "sku": "Basic",
            "tags": {
              "environment": "Terraform Demo"
            },
            "timeouts": null,
            "zones": null
          },
          "private": "eyJlMmJmYjczMC1lY2FhLTExZTYtOGY4OC0zNDM2M2JjN2M0YzAiOnsiY3JlYXRlIjoxODAwMDAwMDAwMDAwLCJkZWxldGUiOjE4MDAwMDAwMDAwMDAsInJlYWQiOjMwMDAwMDAwMDAwMCwidXBkYXRlIjoxODAwMDAwMDAwMDAwfX0=",
          "dependencies": [
            "module.example.azurerm_resource_group.myterraformgroup"
          ]
        }
      ]
    },
    {
      "module": "module.example",
      "mode": "managed",
      "type": "azurerm_resource_group",
      "name": "myterraformgroup",
      "provider": "module.example.provider[\"registry.terraform.io/hashicorp/azurerm\"]",
      "instances": [
        {
          "schema_version": 0,
          "attributes": {
            "id": "/subscriptions/daad7902-18d9-4c20-8792-507922873a9a/resourceGroups/myResourceGroup",
            "location": "eastus",
            "name": "myResourceGroup",
            "tags": {
              "environment": "Terraform Demo"
            },
            "timeouts": null
          },
          "private": "eyJlMmJmYjczMC1lY2FhLTExZTYtOGY4OC0zNDM2M2JjN2M0YzAiOnsiY3JlYXRlIjo1NDAwMDAwMDAwMDAwLCJkZWxldGUiOjU0MDAwMDAwMDAwMDAsInJlYWQiOjMwMDAwMDAwMDAwMCwidXBkYXRlIjo1NDAwMDAwMDAwMDAwfX0="
        }
      ]
    },
    {
      "module": "module.example",
      "mode": "managed",
      "type": "azurerm_storage_account",
      "name": "mystorageaccount",
      "provider": "module.example.provider[\"registry.terraform.io/hashicorp/azurerm\"]",
      "instances": [
        {
          "schema_version": 2,
          "attributes": {
            "access_tier": "Hot",
            "account_kind": "StorageV2",
            "account_replication_type": "LRS",
            "account_tier": "Standard",
            "allow_blob_public_access": false,
            "blob_properties": [],
            "custom_domain": [],
            "enable_https_traffic_only": true,
            "id": "/subscriptions/daad7902-18d9-4c20-8792-507922873a9a/resourceGroups/myResourceGroup/providers/Microsoft.Storage/storageAccounts/diag81fa62f57910ef85",
            "identity": [],
            "is_hns_enabled": false,
            "large_file_share_enabled": null,
            "location": "eastus",
            "min_tls_version": "TLS1_0",
            "name": "diag81fa62f57910ef85",
            "network_rules": [
              {
                "bypass": [
                  "AzureServices"
                ],
                "default_action": "Allow",
                "ip_rules": [],
                "virtual_network_subnet_ids": []
              }
            ],
            "primary_access_key": "CZXBSz8VuGs9BBFbiO61Q0YfSAQWLww3esQsQJrBS2Qeu5lGe2jhaErj7QVUGraHkx0y030MsgOgxV6edXu94w==",
            "primary_blob_connection_string": "DefaultEndpointsProtocol=https;BlobEndpoint=https://diag81fa62f57910ef85.blob.core.windows.net/;AccountName=diag81fa62f57910ef85;AccountKey=CZXBSz8VuGs9BBFbiO61Q0YfSAQWLww3esQsQJrBS2Qeu5lGe2jhaErj7QVUGraHkx0y030MsgOgxV6edXu94w==",
            "primary_blob_endpoint": "https://diag81fa62f57910ef85.blob.core.windows.net/",
            "primary_blob_host": "diag81fa62f57910ef85.blob.core.windows.net",
            "primary_connection_string": "DefaultEndpointsProtocol=https;AccountName=diag81fa62f57910ef85;AccountKey=CZXBSz8VuGs9BBFbiO61Q0YfSAQWLww3esQsQJrBS2Qeu5lGe2jhaErj7QVUGraHkx0y030MsgOgxV6edXu94w==;EndpointSuffix=core.windows.net",
            "primary_dfs_endpoint": "https://diag81fa62f57910ef85.dfs.core.windows.net/",
            "primary_dfs_host": "diag81fa62f57910ef85.dfs.core.windows.net",
            "primary_file_endpoint": "https://diag81fa62f57910ef85.file.core.windows.net/",
            "primary_file_host": "diag81fa62f57910ef85.file.core.windows.net",
            "primary_location": "eastus",
            "primary_queue_endpoint": "https://diag81fa62f57910ef85.queue.core.windows.net/",
            "primary_queue_host": "diag81fa62f57910ef85.queue.core.windows.net",
            "primary_table_endpoint": "https://diag81fa62f57910ef85.table.core.windows.net/",
            "primary_table_host": "diag81fa62f57910ef85.table.core.windows.net",
            "primary_web_endpoint": "https://diag81fa62f57910ef85.z13.web.core.windows.net/",
            "primary_web_host": "diag81fa62f57910ef85.z13.web.core.windows.net",
            "queue_properties": [
              {
                "cors_rule": [],
                "hour_metrics": [
                  {
                    "enabled": true,
                    "include_apis": true,
                    "retention_policy_days": 7,
                    "version": "1.0"
                  }
                ],
                "logging": [
                  {
                    "delete": false,
                    "read": false,
                    "retention_policy_days": 0,
                    "version": "1.0",
                    "write": false
                  }
                ],
                "minute_metrics": [
                  {
                    "enabled": false,
                    "include_apis": false,
                    "retention_policy_days": 0,
                    "version": "1.0"
                  }
                ]
              }
            ],
            "resource_group_name": "myResourceGroup",
            "secondary_access_key": "KVzap7Kfh57oHxtutAMmzJSEYA7QwfQmGuAFpvTo5F7JT6vOBqiP8cSMQUAh/FuT4xcvm246galuEt1lIDLo9Q==",
            "secondary_blob_connection_string": "",
            "secondary_blob_endpoint": null,
            "secondary_blob_host": null,
            "secondary_connection_string": "DefaultEndpointsProtocol=https;AccountName=diag81fa62f57910ef85;AccountKey=KVzap7Kfh57oHxtutAMmzJSEYA7QwfQmGuAFpvTo5F7JT6vOBqiP8cSMQUAh/FuT4xcvm246galuEt1lIDLo9Q==;EndpointSuffix=core.windows.net",
            "secondary_dfs_endpoint": null,
            "secondary_dfs_host": null,
            "secondary_file_endpoint": null,
            "secondary_file_host": null,
            "secondary_location": "",
            "secondary_queue_endpoint": null,
            "secondary_queue_host": null,
            "secondary_table_endpoint": null,
            "secondary_table_host": null,
            "secondary_web_endpoint": null,
            "secondary_web_host": null,
            "static_website": [],
            "tags": {
              "environment": "Terraform Demo"
            },
            "timeouts": null
          },
          "private": "eyJlMmJmYjczMC1lY2FhLTExZTYtOGY4OC0zNDM2M2JjN2M0YzAiOnsiY3JlYXRlIjozNjAwMDAwMDAwMDAwLCJkZWxldGUiOjM2MDAwMDAwMDAwMDAsInJlYWQiOjMwMDAwMDAwMDAwMCwidXBkYXRlIjozNjAwMDAwMDAwMDAwfSwic2NoZW1hX3ZlcnNpb24iOiIyIn0=",
          "dependencies": [
            "module.example.azurerm_resource_group.myterraformgroup",
            "module.example.random_id.randomId"
          ]
        }
      ]
    },
    {
      "module": "module.example",
      "mode": "managed",
      "type": "azurerm_storage_container",
      "name": "example",
      "provider": "module.example.provider[\"registry.terraform.io/hashicorp/azurerm\"]",
      "instances": [
        {
          "schema_version": 1,
          "attributes": {
            "container_access_type": "private",
            "has_immutability_policy": false,
            "has_legal_hold": false,
            "id": "https://diag81fa62f57910ef85.blob.core.windows.net/vhds",
            "metadata": {},
            "name": "vhds",
            "resource_manager_id": "/subscriptions/daad7902-18d9-4c20-8792-507922873a9a/resourceGroups/myResourceGroup/providers/Microsoft.Storage/storageAccounts/diag81fa62f57910ef85/blobServices/default/containers/vhds",
            "storage_account_name": "diag81fa62f57910ef85",
            "timeouts": null
          },
          "private": "eyJlMmJmYjczMC1lY2FhLTExZTYtOGY4OC0zNDM2M2JjN2M0YzAiOnsiY3JlYXRlIjoxODAwMDAwMDAwMDAwLCJkZWxldGUiOjE4MDAwMDAwMDAwMDAsInJlYWQiOjMwMDAwMDAwMDAwMCwidXBkYXRlIjoxODAwMDAwMDAwMDAwfSwic2NoZW1hX3ZlcnNpb24iOiIxIn0=",
          "dependencies": [
            "module.example.azurerm_resource_group.myterraformgroup",
            "module.example.azurerm_storage_account.mystorageaccount",
            "module.example.random_id.randomId"
          ]
        }
      ]
    },
    {
      "module": "module.example",
      "mode": "managed",
      "type": "azurerm_subnet",
      "name": "myterraformsubnet",
      "provider": "module.example.provider[\"registry.terraform.io/hashicorp/azurerm\"]",
      "instances": [
        {
          "schema_version": 0,
          "attributes": {
            "address_prefix": "10.0.1.0/24",
            "address_prefixes": [
              "10.0.1.0/24"
            ],
            "delegation": [],
            "enforce_private_link_endpoint_network_policies": false,
            "enforce_private_link_service_network_policies": false,
            "id": "/subscriptions/daad7902-18d9-4c20-8792-507922873a9a/resourceGroups/myResourceGroup/providers/Microsoft.Network/virtualNetworks/myVnet/subnets/mySubnet",
            "name": "mySubnet",
            "resource_group_name": "myResourceGroup",
            "service_endpoints": null,
            "timeouts": null,
            "virtual_network_name": "myVnet"
          },
          "private": "eyJlMmJmYjczMC1lY2FhLTExZTYtOGY4OC0zNDM2M2JjN2M0YzAiOnsiY3JlYXRlIjoxODAwMDAwMDAwMDAwLCJkZWxldGUiOjE4MDAwMDAwMDAwMDAsInJlYWQiOjMwMDAwMDAwMDAwMCwidXBkYXRlIjoxODAwMDAwMDAwMDAwfX0=",
          "dependencies": [
            "module.example.azurerm_resource_group.myterraformgroup",
            "module.example.azurerm_virtual_network.myterraformnetwork"
          ]
        }
      ]
    },
    {
      "module": "module.example",
      "mode": "managed",
      "type": "azurerm_virtual_machine",
      "name": "example",
      "provider": "module.example.provider[\"registry.terraform.io/hashicorp/azurerm\"]",
      "instances": [
        {
          "schema_version": 0,
          "attributes": {
            "additional_capabilities": [],
            "availability_set_id": null,
            "boot_diagnostics": [],
            "delete_data_disks_on_termination": false,
            "delete_os_disk_on_termination": false,
            "id": "/subscriptions/daad7902-18d9-4c20-8792-507922873a9a/resourceGroups/myResourceGroup/providers/Microsoft.Compute/virtualMachines/myVM",
            "identity": [],
            "license_type": null,
            "location": "eastus",
            "name": "myVM",
            "network_interface_ids": [
              "/subscriptions/daad7902-18d9-4c20-8792-507922873a9a/resourceGroups/myResourceGroup/providers/Microsoft.Network/networkInterfaces/myNIC"
            ],
            "os_profile": [
              {
                "admin_password": "",
                "admin_username": "testadmin",
                "computer_name": "hostname",
                "custom_data": ""
              }
            ],
            "os_profile_linux_config": [
              {
                "disable_password_authentication": false,
                "ssh_keys": []
              }
            ],
            "os_profile_secrets": [],
            "os_profile_windows_config": [],
            "plan": [],
            "primary_network_interface_id": null,
            "proximity_placement_group_id": null,
            "resource_group_name": "myResourceGroup",
            "storage_data_disk": [],
            "storage_image_reference": [
              {
                "id": "",
                "offer": "UbuntuServer",
                "publisher": "Canonical",
                "sku": "18.04-LTS",
                "version": "latest"
              }
            ],
            "storage_os_disk": [
              {
                "caching": "ReadWrite",
                "create_option": "FromImage",
                "disk_size_gb": 30,
                "image_uri": "",
                "managed_disk_id": "",
                "managed_disk_type": "",
                "name": "myosdisk1",
                "os_type": "Linux",
                "vhd_uri": "https://diag81fa62f57910ef85.blob.core.windows.net/vhds/myosdisk1.vhd",
                "write_accelerator_enabled": false
              }
            ],
            "tags": {
              "environment": "Terraform Demo"
            },
            "timeouts": null,
            "vm_size": "Standard_DS1_v2",
            "zones": null
          },
          "private": "eyJlMmJmYjczMC1lY2FhLTExZTYtOGY4OC0zNDM2M2JjN2M0YzAiOnsiY3JlYXRlIjozNjAwMDAwMDAwMDAwLCJkZWxldGUiOjM2MDAwMDAwMDAwMDAsInJlYWQiOjMwMDAwMDAwMDAwMCwidXBkYXRlIjozNjAwMDAwMDAwMDAwfX0=",
          "dependencies": [
            "module.example.azurerm_network_interface.myterraformnic",
            "module.example.azurerm_public_ip.myterraformpublicip",
            "module.example.azurerm_resource_group.myterraformgroup",
            "module.example.azurerm_storage_account.mystorageaccount",
            "module.example.azurerm_storage_container.example",
            "module.example.azurerm_subnet.myterraformsubnet",
            "module.example.azurerm_virtual_network.myterraformnetwork",
            "module.example.random_id.randomId"
          ]
        }
      ]
    },
    {
      "module": "module.example",
      "mode": "managed",
      "type": "azurerm_virtual_network",
      "name": "myterraformnetwork",
      "provider": "module.example.provider[\"registry.terraform.io/hashicorp/azurerm\"]",
      "instances": [
        {
          "schema_version": 0,
          "attributes": {
            "address_space": [
              "10.0.0.0/16"
            ],
            "ddos_protection_plan": [],
            "dns_servers": null,
            "guid": "2ce87c7a-a647-4790-83cf-59a185d00221",
            "id": "/subscriptions/daad7902-18d9-4c20-8792-507922873a9a/resourceGroups/myResourceGroup/providers/Microsoft.Network/virtualNetworks/myVnet",
            "location": "eastus",
            "name": "myVnet",
            "resource_group_name": "myResourceGroup",
            "subnet": [],
            "tags": {
              "environment": "Terraform Demo"
            },
            "timeouts": null
          },
          "private": "eyJlMmJmYjczMC1lY2FhLTExZTYtOGY4OC0zNDM2M2JjN2M0YzAiOnsiY3JlYXRlIjoxODAwMDAwMDAwMDAwLCJkZWxldGUiOjE4MDAwMDAwMDAwMDAsInJlYWQiOjMwMDAwMDAwMDAwMCwidXBkYXRlIjoxODAwMDAwMDAwMDAwfX0=",
          "dependencies": [
            "module.example.azurerm_resource_group.myterraformgroup"
          ]
        }
      ]
    },
    {
      "module": "module.example",
      "mode": "managed",
      "type": "random_id",
      "name": "randomId",
      "provider": "provider[\"registry.terraform.io/hashicorp/random\"]",
      "instances": [
        {
          "schema_version": 0,
          "attributes": {
            "b64_std": "gfpi9XkQ74U=",
            "b64_url": "gfpi9XkQ74U",
            "byte_length": 8,
            "dec": "9365907181508030341",
            "hex": "81fa62f57910ef85",
            "id": "gfpi9XkQ74U",
            "keepers": {
              "resource_group": "myResourceGroup"
            },
            "prefix": null
          },
          "private": "bnVsbA==",
          "dependencies": [
            "module.example.azurerm_resource_group.myterraformgroup"
          ]
        }
      ]
    },
    {
      "module": "module.example",
      "mode": "managed",
      "type": "tls_private_key",
      "name": "example_ssh",
      "provider": "provider[\"registry.terraform.io/hashicorp/tls\"]",
      "instances": [
        {
          "schema_version": 0,
          "attributes": {
            "algorithm": "RSA",
            "ecdsa_curve": "P224",
            "id": "db23f25b841f8b84b750dfec4b549c6dbf84838b",
            "private_key_pem": "-----BEGIN RSA PRIVATE KEY-----\nMIIJKAIBAAKCAgEAqB0FMhL+Kx2vR6nuLQjMZUBCOcyIWWggVjXa9htb54h1Pzpk\nQ0sY+382XQTl80lae1W16oWjKrbCHuzwYBIgbTJqfYWn1Fi6VZY4V+oMihoLrKyg\nFD62zk9ZLbMjQOc+sKGKLHV5+RhOkHecYRD4smVrhfBx/J/eTM2SX6FzzqZ+yblk\nPzztdWXrouMO78MyDNA7BhGiBk0l9NTTYwAAKTmzTHwWJZNf5oyUVAfLDCS0/p3r\nezLZMmLkSBv290/JWSU7fRXsDtqaVbwCvaaZ/ffULJWAK5olNhxUlS9QLxgR4psQ\ny4TsImwZAzZw56B3+yffoTEH9IDcr88cRcQvUBZAu5tAx3uGgSXTsackWat1Lnvz\no3tc1ytG6Bn3bzOwT96eZRfmztkRwIS61wfRDG3EHv3dvLcx3fUX7HlT5uY8gLcO\nirm6hACXZhTlc8vGj3aKhbGKDSUxBFVsLsni6322CQ66rKySxhKI2LvKTLG1omAi\n/eo1KffZtO8tE3JyCDandey61N6znyuKAB7TG3qW/XP6mXfGPTl1T8ASrYuOiGyN\nuD/KcaB+kAcYyDDNWkOSZMGvxNCCooRz1ix7PBfi0YCxBaCOP3NmN506g5GrwDBG\n8M5KRnFDaFe4GFcTvgjce9H4d1B/yhx81M+ViaYHh8wArv+t5MU2wNY4NZ0CAwEA\nAQKCAgAcPWu/AqPBmGX2UtxYok67f3TggrQw2KX99WQHzYa9uRWA/o0TJM1YigEW\n1RjPqnXRnA9ICxTiuvqW+VRTvxfFYB+1YDtWF2WNtQNX+VAL7t4hLophfDt3Iqsn\nWx1D7NSCFVDBsSZBKs0fxYf2YkR0q0bJpB9xwWU1X58EA3oRr7RCrKrjWJfHDczs\netnqes6wilYv6cxe5JzIqOutiLV+N1wgMAQEYeJNNzY/e2OncY8Z6mtBMcR8i1Iv\nrsrotnVrTS7WD1WtFRmx5zhKpW7e07/HkYGLUYSIt2+Z8+2zS4bNmyDSH00PZzs4\nZ+/FaRZekU8mo7bjYrYvrkngilksBCXg8mstwByE4jBtEq4J2Bhiz1TsmVWdE/cB\n+UEeBVJK/RaLklxFsAbt7wX3/Cv1AsjSzXT71IG4rCW7OSE++FcEj4CK/hrAwFj1\nfZrJrCpkl7iybWJicvACbeNaBkStdE2L/t6ADKrylf5YPfcK6tyo6F2pPe1okJVa\n8y8HSPiHqwc+xgNSSQfwG+NxX8nJmhYEpBx70IA4Vxnvlh9Dr1sagRUSRAEZoIWY\nyPKacfZJ6TZzzhLh/T62nWEPjl1OfI5tADVg+FP27xUJGgWp4uEaveUvxRO3J+RZ\nBKhQJSZyUZv9MPhdc+nQLFyPkq68N1ub+mfzhkpyAbTPf97xgQKCAQEA1e3tEfaK\nrTt3iHh2dtPkqiCnq/H0AmuCG+von7nCfA3qdqdUdgdyq3aYrdaHmSIQBeCBzG7v\nJiFFAbcNY1AA9DwwpbakCbBBv/Gy4BtkQz7BGP8iO1ca9D0+htCMfs2Tbe71RmQo\n/aukMgaAY9XqaRggPkMTqfjoU5yGDutYldrEVpCAjuvZXMppmkIbPqf4zlUabl3O\nVFsqxcxUWl5yu2ieF7RB/dgdKKFt2SZF72rXLIu0Kgr35Acb03G1eoJAb+yr6Oa6\nrVb7+hfoOBuNQOvEzBvltaxsYX2euxZ/7pEiHPoqueXNLIxa+2+CdbnkKjbyc3oL\ny08iRq1ufKjMfQKCAQEAySyHa2fzqovAsqZJvjqiBXDUHUjpw3FPoOAIqBhYmTYS\nuvfo9rSkU9Ig11X/V+VxH0WLg4X68kyKlTzvk3s17Kc09xB0SaL+EgHPy49QvN+A\nXq1b1SXzfGZbv9LdEHHIrgTg8LfVQNfZR8HYcOYzr3npinrXH2jGmz3eShW5GCvR\ndEOoHJRmQcuaodMbnAgJWkAaRQuxMAVdNHkt/vj+083Jfi5gWdHUcS9OEd79ZNRj\nbhRc0f6a1RKtr40GCVz6N7HWeBYqWu3MjadSLyGdfzYGzxErdYzk+gq8otsDaTeg\n05+PXk81GRvG+j9vV7wX76s09XeAP6YeUdLkQD/3oQKCAQEAsP247uynzSzu90Sa\n1jL2814y+soiFEJ4Ebu66TMZ2eL1gZdtBH2i/IMRTHm6FBKfaQ1Wthlt2IEcA5A8\nDldpgqeto9yYmL9vlmtUj5958zyfK5wh6TBmx31IFufB5UMV35Uc7lD9rOnt3cmN\nPYwE9VAVlQ2P3kdlh49vRjamQs0NNYU2J4ive9qnRg29VrhH3AWC6Z7IjvgiSiWE\nAIQ1riGe8oObOXYsoan1JPxKTgt53Iv00ffjIZBUEDr6Z1IOF8uaawVBmxnlPQO8\nh3ccBYNKfYfzI7x0qq/wvF6gF3OR4qGC6exbNKkmuPGH4Pib8eUl8C4gRePBuvHQ\nAGjzTQKCAQAYTib2VRLdchEQBIM4VoEowx79gserc085kpe5J2fc6umMaVNeKykH\nb4XEPoGhLvlh29clRtSw3YqIyVnwqZw0QWdmyjgihWzI5Csk3uXUS/SIe81yjSlD\nyGIhZOqMiBLE45YBv1Qmh22a+9KYoVdxRftvXbQL+W61Zt4qeUFpqDGgKGRxP4Sz\nQlQmZQka6uWmX8RMv0LjGGLQaiuieJbhJCXJ9vRxJabTHfICurxGqFpy/EbSoD44\nrA8L/K/UBcW9YOEWlSb84WorWyHUy+zpZ6+e6OYlR6aKhy2PR4K7/ZqStt5teIhj\nxjVeGrfrE7CYpki5t3xpNDrJi/9Du/bBAoIBAC6tg9IaSKlgMH/7+L0W00KBvzLS\nph06YWMe8HJvwgOu/aRmddtOe2/b9u1M6sq+0lpXmjmDxNFCn+on4q8O+OEqVnue\ng+9LVVV6LZdSAGKvwrdtFw+6XTCNO6OOg0SD13mMN0tGYD8t6JERPazkl+kBRbmd\n6cHGAIPTBUFA2Mt19IkgPXSb8fdmFwT3CHCWectBlnahsSP9HVjtcYQLR8vi013q\nX48DeIEm8h1+KfFAsO25FtSvwAYmK/UNCjJwiDqgmCYz2INjIYP5H4/WsUQZpB5V\ncdYb3mGsalsvTJNEEr/jdABC6RJrn5jj7Lj7RUZYrRapRs1NPoy2jzg4MCM=\n-----END RSA PRIVATE KEY-----\n",
            "public_key_fingerprint_md5": "67:69:41:12:45:07:29:95:aa:a2:31:43:62:8d:98:e6",
            "public_key_openssh": "ssh-rsa AAAAB3NzaC1yc2EAAAADAQABAAACAQCoHQUyEv4rHa9Hqe4tCMxlQEI5zIhZaCBWNdr2G1vniHU/OmRDSxj7fzZdBOXzSVp7VbXqhaMqtsIe7PBgEiBtMmp9hafUWLpVljhX6gyKGgusrKAUPrbOT1ktsyNA5z6woYosdXn5GE6Qd5xhEPiyZWuF8HH8n95MzZJfoXPOpn7JuWQ/PO11Zeui4w7vwzIM0DsGEaIGTSX01NNjAAApObNMfBYlk1/mjJRUB8sMJLT+net7MtkyYuRIG/b3T8lZJTt9FewO2ppVvAK9ppn999QslYArmiU2HFSVL1AvGBHimxDLhOwibBkDNnDnoHf7J9+hMQf0gNyvzxxFxC9QFkC7m0DHe4aBJdOxpyRZq3Uue/Oje1zXK0boGfdvM7BP3p5lF+bO2RHAhLrXB9EMbcQe/d28tzHd9RfseVPm5jyAtw6KubqEAJdmFOVzy8aPdoqFsYoNJTEEVWwuyeLrfbYJDrqsrJLGEojYu8pMsbWiYCL96jUp99m07y0TcnIINqd17LrU3rOfK4oAHtMbepb9c/qZd8Y9OXVPwBKti46IbI24P8pxoH6QBxjIMM1aQ5Jkwa/E0IKihHPWLHs8F+LRgLEFoI4/c2Y3nTqDkavAMEbwzkpGcUNoV7gYVxO+CNx70fh3UH/KHHzUz5WJpgeHzACu/63kxTbA1jg1nQ==\n",
            "public_key_pem": "-----BEGIN PUBLIC KEY-----\nMIICIjANBgkqhkiG9w0BAQEFAAOCAg8AMIICCgKCAgEAqB0FMhL+Kx2vR6nuLQjM\nZUBCOcyIWWggVjXa9htb54h1PzpkQ0sY+382XQTl80lae1W16oWjKrbCHuzwYBIg\nbTJqfYWn1Fi6VZY4V+oMihoLrKygFD62zk9ZLbMjQOc+sKGKLHV5+RhOkHecYRD4\nsmVrhfBx/J/eTM2SX6FzzqZ+yblkPzztdWXrouMO78MyDNA7BhGiBk0l9NTTYwAA\nKTmzTHwWJZNf5oyUVAfLDCS0/p3rezLZMmLkSBv290/JWSU7fRXsDtqaVbwCvaaZ\n/ffULJWAK5olNhxUlS9QLxgR4psQy4TsImwZAzZw56B3+yffoTEH9IDcr88cRcQv\nUBZAu5tAx3uGgSXTsackWat1Lnvzo3tc1ytG6Bn3bzOwT96eZRfmztkRwIS61wfR\nDG3EHv3dvLcx3fUX7HlT5uY8gLcOirm6hACXZhTlc8vGj3aKhbGKDSUxBFVsLsni\n6322CQ66rKySxhKI2LvKTLG1omAi/eo1KffZtO8tE3JyCDandey61N6znyuKAB7T\nG3qW/XP6mXfGPTl1T8ASrYuOiGyNuD/KcaB+kAcYyDDNWkOSZMGvxNCCooRz1ix7\nPBfi0YCxBaCOP3NmN506g5GrwDBG8M5KRnFDaFe4GFcTvgjce9H4d1B/yhx81M+V\niaYHh8wArv+t5MU2wNY4NZ0CAwEAAQ==\n-----END PUBLIC KEY-----\n",
            "rsa_bits": 4096
          },
          "private": "bnVsbA=="
        }
      ]
    }
  ]
}
